{
  "nodes": {
    "emacs-overlay": {
      "locked": {
        "lastModified": 1620124711,
        "narHash": "sha256-6tsbwx6zynxSbwzfCrezGVpBum9UT+nlUV/XIc/uMms=",
        "owner": "nix-community",
        "repo": "emacs-overlay",
        "rev": "b717ab8d43ecabd27aa884c278a4edd1caa642db",
        "type": "github"
      },
      "original": {
        "owner": "nix-community",
        "repo": "emacs-overlay",
        "type": "github"
      }
    },
    "home-manager": {
      "inputs": {
        "nixpkgs": [
          "nixpkgs"
        ]
      },
      "locked": {
        "lastModified": 1620138697,
        "narHash": "sha256-8Mgj+Fj4zGEI7oA9wbyqvdwq+46kAyd3barMIedWkho=",
        "owner": "rycee",
        "repo": "home-manager",
        "rev": "64c5228c0828fff0c94c1d42f7225115c299ae08",
        "type": "github"
      },
      "original": {
        "owner": "rycee",
        "ref": "master",
        "repo": "home-manager",
        "type": "github"
      }
    },
    "nixos-hardware": {
      "locked": {
        "lastModified": 1619336929,
        "narHash": "sha256-joIC2D26jtSbHodR/o8r+5T9XL2hXs6NIp5mVyA4JOc=",
        "owner": "nixos",
        "repo": "nixos-hardware",
        "rev": "f7540d6c27704ec0fe56ecc8b2a9b663181850b0",
        "type": "github"
      },
      "original": {
        "owner": "nixos",
        "repo": "nixos-hardware",
        "type": "github"
      }
    },
    "nixpkgs": {
      "locked": {
        "lastModified": 1620074890,
        "narHash": "sha256-4Z8Zwpg0gPvqKbSsck1g9ql4E5NClGZdjyxbYoaXA4s=",
        "owner": "NixOS",
        "repo": "nixpkgs",
        "rev": "7cb76200088f45cd24a9aa67fd2f9657943d78a4",
        "type": "github"
      },
      "original": {
        "id": "nixpkgs",
        "ref": "nixos-unstable",
        "type": "indirect"
      }
    },
    "nixpkgs-stable": {
      "locked": {
        "lastModified": 1620079298,
        "narHash": "sha256-gZNInan1XpwDya+DYrqvET1+h2QOZ3EC7AjSMUrFIPU=",
        "owner": "NixOS",
        "repo": "nixpkgs",
        "rev": "a565a2165ab6e195d7c105a8416b8f4b4d0349a4",
        "type": "github"
      },
      "original": {
        "id": "nixpkgs",
        "ref": "nixos-20.09",
        "type": "indirect"
      }
    },
    "nixpkgs-unstable": {
      "locked": {
        "lastModified": 1620150510,
        "narHash": "sha256-eMAqilItpCx/s4VY5TeBmJpzceZxyg2AHw7drcxyT+0=",
        "owner": "NixOS",
        "repo": "nixpkgs",
        "rev": "2b4b20a4b58fc2ecd0d26d84b6d4ef9c60c7cd65",
        "type": "github"
      },
      "original": {
        "id": "nixpkgs",
        "ref": "master",
        "type": "indirect"
      }
    },
    "root": {
      "inputs": {
        "emacs-overlay": "emacs-overlay",
        "home-manager": "home-manager",
        "nixos-hardware": "nixos-hardware",
        "nixpkgs": "nixpkgs",
        "nixpkgs-stable": "nixpkgs-stable",
        "nixpkgs-unstable": "nixpkgs-unstable"
      }
    }
  },
  "root": "root",
  "version": 7
}
