{
  "nodes": {
    "emacs-overlay": {
      "locked": {
        "lastModified": 1610295963,
        "narHash": "sha256-ue4oNBHtincCo0hRnL0PGTW3WV/rM9ikR7WN9nuFRh8=",
        "owner": "nix-community",
        "repo": "emacs-overlay",
        "rev": "074cf8120cf13fc804b8d934844937d66cb30b69",
        "type": "github"
      },
      "original": {
        "owner": "nix-community",
        "repo": "emacs-overlay",
        "type": "github"
      }
    },
    "home-manager": {
      "inputs": {
        "nixpkgs": [
          "nixpkgs"
        ]
      },
      "locked": {
        "lastModified": 1613535568,
        "narHash": "sha256-JeTRN/ee6QTP/IlR89dz1LHMi8ag0kW/Kf8hT6d12sY=",
        "owner": "rycee",
        "repo": "home-manager",
        "rev": "2e795f3efd6265e3d538d4ee78bba773e1044340",
        "type": "github"
      },
      "original": {
        "owner": "rycee",
        "ref": "master",
        "repo": "home-manager",
        "type": "github"
      }
    },
    "nixos-hardware": {
      "locked": {
        "lastModified": 1613453906,
        "narHash": "sha256-w6oeQ3OTCKxRAG9KtjK+ErxpvUhNr48binO99JVQP9Q=",
        "owner": "nixos",
        "repo": "nixos-hardware",
        "rev": "115770eed0c0fa50c1277cd0f7fe0f15501dbc43",
        "type": "github"
      },
      "original": {
        "owner": "nixos",
        "repo": "nixos-hardware",
        "type": "github"
      }
    },
    "nixpkgs": {
      "locked": {
        "lastModified": 1613495094,
        "narHash": "sha256-nCM0DOMzxObrXkpGBBTFUCfKOQbdm908z2rv9julGO8=",
        "owner": "NixOS",
        "repo": "nixpkgs",
        "rev": "64b4617883844efe0cc20163e007ee636462eb18",
        "type": "github"
      },
      "original": {
        "id": "nixpkgs",
        "ref": "nixos-unstable",
        "type": "indirect"
      }
    },
    "nixpkgs-stable": {
      "locked": {
        "lastModified": 1613477454,
        "narHash": "sha256-XrqPa8pKHai5bFFI5T2ZkYM3hYLlJaxefd64nj2oN2Q=",
        "owner": "NixOS",
        "repo": "nixpkgs",
        "rev": "95ce0f52ec10cbfa2b72a2d8623e6a363e77e4dd",
        "type": "github"
      },
      "original": {
        "id": "nixpkgs",
        "ref": "nixos-20.09",
        "type": "indirect"
      }
    },
    "nixpkgs-unstable": {
      "locked": {
        "lastModified": 1613595131,
        "narHash": "sha256-YuYHGp7HpvU+r4Glkk6DP+xgT6gFSTWsxoRRtaqfK28=",
        "owner": "NixOS",
        "repo": "nixpkgs",
        "rev": "606d881f49d7bde3883e76770a4c062751bc3e03",
        "type": "github"
      },
      "original": {
        "id": "nixpkgs",
        "ref": "master",
        "type": "indirect"
      }
    },
    "root": {
      "inputs": {
        "emacs-overlay": "emacs-overlay",
        "home-manager": "home-manager",
        "nixos-hardware": "nixos-hardware",
        "nixpkgs": "nixpkgs",
        "nixpkgs-stable": "nixpkgs-stable",
        "nixpkgs-unstable": "nixpkgs-unstable"
      }
    }
  },
  "root": "root",
  "version": 7
}
