{
  "nodes": {
    "emacs-overlay": {
      "locked": {
        "lastModified": 1616214656,
        "narHash": "sha256-ceFOGcsbGlP/qtxMBlRGFH5fsbN+uGQYeHUrpgcRS4U=",
        "owner": "nix-community",
        "repo": "emacs-overlay",
        "rev": "d9530a7048f4b1c0f65825202a0ce1d111a1d39a",
        "type": "github"
      },
      "original": {
        "owner": "nix-community",
        "repo": "emacs-overlay",
        "type": "github"
      }
    },
    "home-manager": {
      "inputs": {
        "nixpkgs": [
          "nixpkgs"
        ]
      },
      "locked": {
        "lastModified": 1617465592,
        "narHash": "sha256-Yc+nEWIbZ1lkyUF8+7cbYKt4OPwqnsSXThT80z5didU=",
        "owner": "rycee",
        "repo": "home-manager",
        "rev": "6e3d93d7ccf0ec0f5faebc6a6a550a1299ca0d39",
        "type": "github"
      },
      "original": {
        "owner": "rycee",
        "ref": "master",
        "repo": "home-manager",
        "type": "github"
      }
    },
    "nixos-hardware": {
      "locked": {
        "lastModified": 1616493443,
        "narHash": "sha256-xMDBWCa7oXFU1pBr25Fza/uv+IciMHogJMQ6g+gHQG4=",
        "owner": "nixos",
        "repo": "nixos-hardware",
        "rev": "758bc63af2bde87563f9c27710f3dcc16ff9096f",
        "type": "github"
      },
      "original": {
        "owner": "nixos",
        "repo": "nixos-hardware",
        "type": "github"
      }
    },
    "nixpkgs": {
      "locked": {
        "lastModified": 1617082367,
        "narHash": "sha256-W0cQPGjc4IVzryaGycuoS8KZkXafS1P23w/fcKLoD5Y=",
        "owner": "NixOS",
        "repo": "nixpkgs",
        "rev": "04a2b269d8921505a2969fc9ec25c1f517f2b307",
        "type": "github"
      },
      "original": {
        "id": "nixpkgs",
        "ref": "nixos-unstable",
        "type": "indirect"
      }
    },
    "nixpkgs-stable": {
      "locked": {
        "lastModified": 1617397712,
        "narHash": "sha256-00FNgi8Lg9pe7ZSCMhdjS+tPhfJ6Uyx+CHKy7pUtNnM=",
        "owner": "NixOS",
        "repo": "nixpkgs",
        "rev": "42a03e4728fc05cb9f123057670e41967f628360",
        "type": "github"
      },
      "original": {
        "id": "nixpkgs",
        "ref": "nixos-20.09",
        "type": "indirect"
      }
    },
    "nixpkgs-unstable": {
      "locked": {
        "lastModified": 1617466391,
        "narHash": "sha256-kULFPI1FtC2yQ+bKcAxNNA6qJE6CnZNBhFubEY0N1lU=",
        "owner": "NixOS",
        "repo": "nixpkgs",
        "rev": "7e3eb490ece0ae5a54b2bf3e7ad7f40db5be90dc",
        "type": "github"
      },
      "original": {
        "id": "nixpkgs",
        "ref": "master",
        "type": "indirect"
      }
    },
    "root": {
      "inputs": {
        "emacs-overlay": "emacs-overlay",
        "home-manager": "home-manager",
        "nixos-hardware": "nixos-hardware",
        "nixpkgs": "nixpkgs",
        "nixpkgs-stable": "nixpkgs-stable",
        "nixpkgs-unstable": "nixpkgs-unstable"
      }
    }
  },
  "root": "root",
  "version": 7
}
